
Microsoft Visual Studio Solution File, Format Version 12.00
# Visual Studio Version 17
VisualStudioVersion = 17.2.32526.322
MinimumVisualStudioVersion = 10.0.40219.1
Project("{FAE04EC0-301F-11D3-BF4B-00C04F79EFBC}") = "WhiteBoard", "WhiteBoard\WhiteBoard.csproj", "{24901834-9DD4-47DE-A2D5-FBB2453572F7}"
EndProject
Project("{FAE04EC0-301F-11D3-BF4B-00C04F79EFBC}") = "WhiteBoard.Core", "WhiteBoard.Core\WhiteBoard.Core.csproj", "{8528F02A-19E5-4923-A70F-78A451DD776E}"
EndProject
Global
	GlobalSection(SolutionConfigurationPlatforms) = preSolution
		Debug|Any CPU = Debug|Any CPU
		Release|Any CPU = Release|Any CPU
	EndGlobalSection
	GlobalSection(ProjectConfigurationPlatforms) = postSolution
		{24901834-9DD4-47DE-A2D5-FBB2453572F7}.Debug|Any CPU.ActiveCfg = Debug|Any CPU
		{24901834-9DD4-47DE-A2D5-FBB2453572F7}.Debug|Any CPU.Build.0 = Debug|Any CPU
		{24901834-9DD4-47DE-A2D5-FBB2453572F7}.Release|Any CPU.ActiveCfg = Release|Any CPU
		{24901834-9DD4-47DE-A2D5-FBB2453572F7}.Release|Any CPU.Build.0 = Release|Any CPU
		{8528F02A-19E5-4923-A70F-78A451DD776E}.Debug|Any CPU.ActiveCfg = Debug|Any CPU
		{8528F02A-19E5-4923-A70F-78A451DD776E}.Debug|Any CPU.Build.0 = Debug|Any CPU
		{8528F02A-19E5-4923-A70F-78A451DD776E}.Release|Any CPU.ActiveCfg = Release|Any CPU
		{8528F02A-19E5-4923-A70F-78A451DD776E}.Release|Any CPU.Build.0 = Release|Any CPU
	EndGlobalSection
	GlobalSection(SolutionProperties) = preSolution
		HideSolutionNode = FALSE
	EndGlobalSection
	GlobalSection(ExtensibilityGlobals) = postSolution
		SolutionGuid = {B22F29C4-13F5-4085-A1DA-24CC089E3858}
	EndGlobalSection
EndGlobal
